
Microsoft Visual Studio Solution File, Format Version 12.00
# Visual Studio Version 16
VisualStudioVersion = 16.0.29820.132
MinimumVisualStudioVersion = 10.0.40219.1
Project("{2150E333-8FDC-42A3-9474-1A3956D46DE8}") = "Common", "Common", "{4D33DE9F-0987-4CA1-BF76-53C4E140592E}"
EndProject
Project("{2150E333-8FDC-42A3-9474-1A3956D46DE8}") = "Gateway", "Gateway", "{FA275063-9127-4A29-810B-E7544D52F381}"
EndProject
Project("{2150E333-8FDC-42A3-9474-1A3956D46DE8}") = "Account", "Account", "{A213AA32-B7FE-451C-BB30-67B69526ED83}"
EndProject
Project("{2150E333-8FDC-42A3-9474-1A3956D46DE8}") = "Solution Items", "Solution Items", "{C1187EC5-D60D-47CB-A154-07E21712455E}"
	ProjectSection(SolutionItems) = preProject
		.editorconfig = .editorconfig
	EndProjectSection
EndProject
Project("{2150E333-8FDC-42A3-9474-1A3956D46DE8}") = "Crypto", "Crypto", "{DACC5270-9FFE-4DD8-AD25-0125447D3E76}"
EndProject
Project("{9A19103F-16F7-4668-BE54-9A1E7A4F7556}") = "Domain", "Account\Domain\Domain.csproj", "{FE257E8D-20EC-418F-8D36-0120ACE399CB}"
EndProject
Project("{9A19103F-16F7-4668-BE54-9A1E7A4F7556}") = "Application", "Account\Application\Application.csproj", "{886D21B0-5997-49B3-80F8-E235E1CF9873}"
EndProject
Project("{9A19103F-16F7-4668-BE54-9A1E7A4F7556}") = "Api", "Account\Api\Api.csproj", "{D4791E5E-E368-43EC-B5CE-F722B17263AA}"
EndProject
Project("{9A19103F-16F7-4668-BE54-9A1E7A4F7556}") = "Infrastructure", "Account\Infrastructure\Infrastructure.csproj", "{4B7B3C2B-26DE-4617-8247-BA56E891E10F}"
EndProject
Project("{9A19103F-16F7-4668-BE54-9A1E7A4F7556}") = "Domain", "Gateway\Domain\Domain.csproj", "{904D28F9-148E-4BC8-ACC5-52D1E44A33E3}"
EndProject
Project("{9A19103F-16F7-4668-BE54-9A1E7A4F7556}") = "Application", "Gateway\Application\Application.csproj", "{E60F71A6-09C6-4183-8A7A-9166A29850DF}"
EndProject
Project("{9A19103F-16F7-4668-BE54-9A1E7A4F7556}") = "Infrastructure", "Gateway\Infrastructure\Infrastructure.csproj", "{D370C2C9-B52C-4279-A0E5-30A2C9D20E2C}"
EndProject
Project("{9A19103F-16F7-4668-BE54-9A1E7A4F7556}") = "Persistence", "Gateway\Persistence\Persistence.csproj", "{304E0FF0-F8B7-4F98-9239-AC348502C58A}"
EndProject
Project("{9A19103F-16F7-4668-BE54-9A1E7A4F7556}") = "Api", "Gateway\Api\Api.csproj", "{182FBAA0-8D7C-4E1C-8425-EA2D357FFEED}"
EndProject
Project("{9A19103F-16F7-4668-BE54-9A1E7A4F7556}") = "Worker", "Gateway\Worker\Worker.csproj", "{A8606220-3C97-40D6-B3F4-63D345004038}"
EndProject
Project("{9A19103F-16F7-4668-BE54-9A1E7A4F7556}") = "Domain", "Crypto\Domain\Domain.csproj", "{ED9D8020-6A8F-4208-9087-2C86C86FD212}"
EndProject
Project("{9A19103F-16F7-4668-BE54-9A1E7A4F7556}") = "Application", "Crypto\Application\Application.csproj", "{2D358D1C-556F-4AED-81A5-87200D489697}"
EndProject
Project("{9A19103F-16F7-4668-BE54-9A1E7A4F7556}") = "Infrastructure", "Crypto\Infrastructure\Infrastructure.csproj", "{46A6401A-9799-487E-9835-A0DECBD916EA}"
EndProject
Project("{9A19103F-16F7-4668-BE54-9A1E7A4F7556}") = "Api", "Crypto\Api\Api.csproj", "{F22C19CB-A111-4BFD-BBB2-5AB28F5B7F09}"
EndProject
Project("{9A19103F-16F7-4668-BE54-9A1E7A4F7556}") = "Domain", "Common\Domain\Domain.csproj", "{BEC74B68-B2D2-4070-BF42-8A435791C062}"
EndProject
Project("{9A19103F-16F7-4668-BE54-9A1E7A4F7556}") = "Application", "Common\Application\Application.csproj", "{0E261FF9-E088-4798-8CF1-79B07EC853AE}"
EndProject
Project("{9A19103F-16F7-4668-BE54-9A1E7A4F7556}") = "Infrastructure", "Common\Infrastructure\Infrastructure.csproj", "{C66A2B73-58ED-4708-9987-FFCD64C77F0C}"
EndProject
Project("{9A19103F-16F7-4668-BE54-9A1E7A4F7556}") = "Api", "Common\Api\Api.csproj", "{C81F7568-E01F-447F-B1C2-EA3144E94849}"
EndProject
Project("{FAE04EC0-301F-11D3-BF4B-00C04F79EFBC}") = "Worker", "Common\Worker\Worker.csproj", "{98723031-80E7-41AA-AA92-8ABC5CB43645}"
EndProject
Global
	GlobalSection(SolutionConfigurationPlatforms) = preSolution
		Debug|Any CPU = Debug|Any CPU
		Release|Any CPU = Release|Any CPU
	EndGlobalSection
	GlobalSection(ProjectConfigurationPlatforms) = postSolution
		{FE257E8D-20EC-418F-8D36-0120ACE399CB}.Debug|Any CPU.ActiveCfg = Debug|Any CPU
		{FE257E8D-20EC-418F-8D36-0120ACE399CB}.Debug|Any CPU.Build.0 = Debug|Any CPU
		{FE257E8D-20EC-418F-8D36-0120ACE399CB}.Release|Any CPU.ActiveCfg = Release|Any CPU
		{FE257E8D-20EC-418F-8D36-0120ACE399CB}.Release|Any CPU.Build.0 = Release|Any CPU
		{886D21B0-5997-49B3-80F8-E235E1CF9873}.Debug|Any CPU.ActiveCfg = Debug|Any CPU
		{886D21B0-5997-49B3-80F8-E235E1CF9873}.Debug|Any CPU.Build.0 = Debug|Any CPU
		{886D21B0-5997-49B3-80F8-E235E1CF9873}.Release|Any CPU.ActiveCfg = Release|Any CPU
		{886D21B0-5997-49B3-80F8-E235E1CF9873}.Release|Any CPU.Build.0 = Release|Any CPU
		{D4791E5E-E368-43EC-B5CE-F722B17263AA}.Debug|Any CPU.ActiveCfg = Debug|Any CPU
		{D4791E5E-E368-43EC-B5CE-F722B17263AA}.Debug|Any CPU.Build.0 = Debug|Any CPU
		{D4791E5E-E368-43EC-B5CE-F722B17263AA}.Release|Any CPU.ActiveCfg = Release|Any CPU
		{D4791E5E-E368-43EC-B5CE-F722B17263AA}.Release|Any CPU.Build.0 = Release|Any CPU
		{4B7B3C2B-26DE-4617-8247-BA56E891E10F}.Debug|Any CPU.ActiveCfg = Debug|Any CPU
		{4B7B3C2B-26DE-4617-8247-BA56E891E10F}.Debug|Any CPU.Build.0 = Debug|Any CPU
		{4B7B3C2B-26DE-4617-8247-BA56E891E10F}.Release|Any CPU.ActiveCfg = Release|Any CPU
		{4B7B3C2B-26DE-4617-8247-BA56E891E10F}.Release|Any CPU.Build.0 = Release|Any CPU
		{904D28F9-148E-4BC8-ACC5-52D1E44A33E3}.Debug|Any CPU.ActiveCfg = Debug|Any CPU
		{904D28F9-148E-4BC8-ACC5-52D1E44A33E3}.Debug|Any CPU.Build.0 = Debug|Any CPU
		{904D28F9-148E-4BC8-ACC5-52D1E44A33E3}.Release|Any CPU.ActiveCfg = Release|Any CPU
		{904D28F9-148E-4BC8-ACC5-52D1E44A33E3}.Release|Any CPU.Build.0 = Release|Any CPU
		{E60F71A6-09C6-4183-8A7A-9166A29850DF}.Debug|Any CPU.ActiveCfg = Debug|Any CPU
		{E60F71A6-09C6-4183-8A7A-9166A29850DF}.Debug|Any CPU.Build.0 = Debug|Any CPU
		{E60F71A6-09C6-4183-8A7A-9166A29850DF}.Release|Any CPU.ActiveCfg = Release|Any CPU
		{E60F71A6-09C6-4183-8A7A-9166A29850DF}.Release|Any CPU.Build.0 = Release|Any CPU
		{D370C2C9-B52C-4279-A0E5-30A2C9D20E2C}.Debug|Any CPU.ActiveCfg = Debug|Any CPU
		{D370C2C9-B52C-4279-A0E5-30A2C9D20E2C}.Debug|Any CPU.Build.0 = Debug|Any CPU
		{D370C2C9-B52C-4279-A0E5-30A2C9D20E2C}.Release|Any CPU.ActiveCfg = Release|Any CPU
		{D370C2C9-B52C-4279-A0E5-30A2C9D20E2C}.Release|Any CPU.Build.0 = Release|Any CPU
		{304E0FF0-F8B7-4F98-9239-AC348502C58A}.Debug|Any CPU.ActiveCfg = Debug|Any CPU
		{304E0FF0-F8B7-4F98-9239-AC348502C58A}.Debug|Any CPU.Build.0 = Debug|Any CPU
		{304E0FF0-F8B7-4F98-9239-AC348502C58A}.Release|Any CPU.ActiveCfg = Release|Any CPU
		{304E0FF0-F8B7-4F98-9239-AC348502C58A}.Release|Any CPU.Build.0 = Release|Any CPU
		{182FBAA0-8D7C-4E1C-8425-EA2D357FFEED}.Debug|Any CPU.ActiveCfg = Debug|Any CPU
		{182FBAA0-8D7C-4E1C-8425-EA2D357FFEED}.Debug|Any CPU.Build.0 = Debug|Any CPU
		{182FBAA0-8D7C-4E1C-8425-EA2D357FFEED}.Release|Any CPU.ActiveCfg = Release|Any CPU
		{182FBAA0-8D7C-4E1C-8425-EA2D357FFEED}.Release|Any CPU.Build.0 = Release|Any CPU
		{A8606220-3C97-40D6-B3F4-63D345004038}.Debug|Any CPU.ActiveCfg = Debug|Any CPU
		{A8606220-3C97-40D6-B3F4-63D345004038}.Debug|Any CPU.Build.0 = Debug|Any CPU
		{A8606220-3C97-40D6-B3F4-63D345004038}.Release|Any CPU.ActiveCfg = Release|Any CPU
		{A8606220-3C97-40D6-B3F4-63D345004038}.Release|Any CPU.Build.0 = Release|Any CPU
		{ED9D8020-6A8F-4208-9087-2C86C86FD212}.Debug|Any CPU.ActiveCfg = Debug|Any CPU
		{ED9D8020-6A8F-4208-9087-2C86C86FD212}.Debug|Any CPU.Build.0 = Debug|Any CPU
		{ED9D8020-6A8F-4208-9087-2C86C86FD212}.Release|Any CPU.ActiveCfg = Release|Any CPU
		{ED9D8020-6A8F-4208-9087-2C86C86FD212}.Release|Any CPU.Build.0 = Release|Any CPU
		{2D358D1C-556F-4AED-81A5-87200D489697}.Debug|Any CPU.ActiveCfg = Debug|Any CPU
		{2D358D1C-556F-4AED-81A5-87200D489697}.Debug|Any CPU.Build.0 = Debug|Any CPU
		{2D358D1C-556F-4AED-81A5-87200D489697}.Release|Any CPU.ActiveCfg = Release|Any CPU
		{2D358D1C-556F-4AED-81A5-87200D489697}.Release|Any CPU.Build.0 = Release|Any CPU
		{46A6401A-9799-487E-9835-A0DECBD916EA}.Debug|Any CPU.ActiveCfg = Debug|Any CPU
		{46A6401A-9799-487E-9835-A0DECBD916EA}.Debug|Any CPU.Build.0 = Debug|Any CPU
		{46A6401A-9799-487E-9835-A0DECBD916EA}.Release|Any CPU.ActiveCfg = Release|Any CPU
		{46A6401A-9799-487E-9835-A0DECBD916EA}.Release|Any CPU.Build.0 = Release|Any CPU
		{F22C19CB-A111-4BFD-BBB2-5AB28F5B7F09}.Debug|Any CPU.ActiveCfg = Debug|Any CPU
		{F22C19CB-A111-4BFD-BBB2-5AB28F5B7F09}.Debug|Any CPU.Build.0 = Debug|Any CPU
		{F22C19CB-A111-4BFD-BBB2-5AB28F5B7F09}.Release|Any CPU.ActiveCfg = Release|Any CPU
		{F22C19CB-A111-4BFD-BBB2-5AB28F5B7F09}.Release|Any CPU.Build.0 = Release|Any CPU
		{BEC74B68-B2D2-4070-BF42-8A435791C062}.Debug|Any CPU.ActiveCfg = Debug|Any CPU
		{BEC74B68-B2D2-4070-BF42-8A435791C062}.Debug|Any CPU.Build.0 = Debug|Any CPU
		{BEC74B68-B2D2-4070-BF42-8A435791C062}.Release|Any CPU.ActiveCfg = Release|Any CPU
		{BEC74B68-B2D2-4070-BF42-8A435791C062}.Release|Any CPU.Build.0 = Release|Any CPU
		{0E261FF9-E088-4798-8CF1-79B07EC853AE}.Debug|Any CPU.ActiveCfg = Debug|Any CPU
		{0E261FF9-E088-4798-8CF1-79B07EC853AE}.Debug|Any CPU.Build.0 = Debug|Any CPU
		{0E261FF9-E088-4798-8CF1-79B07EC853AE}.Release|Any CPU.ActiveCfg = Release|Any CPU
		{0E261FF9-E088-4798-8CF1-79B07EC853AE}.Release|Any CPU.Build.0 = Release|Any CPU
		{C66A2B73-58ED-4708-9987-FFCD64C77F0C}.Debug|Any CPU.ActiveCfg = Debug|Any CPU
		{C66A2B73-58ED-4708-9987-FFCD64C77F0C}.Debug|Any CPU.Build.0 = Debug|Any CPU
		{C66A2B73-58ED-4708-9987-FFCD64C77F0C}.Release|Any CPU.ActiveCfg = Release|Any CPU
		{C66A2B73-58ED-4708-9987-FFCD64C77F0C}.Release|Any CPU.Build.0 = Release|Any CPU
		{C81F7568-E01F-447F-B1C2-EA3144E94849}.Debug|Any CPU.ActiveCfg = Debug|Any CPU
		{C81F7568-E01F-447F-B1C2-EA3144E94849}.Debug|Any CPU.Build.0 = Debug|Any CPU
		{C81F7568-E01F-447F-B1C2-EA3144E94849}.Release|Any CPU.ActiveCfg = Release|Any CPU
		{C81F7568-E01F-447F-B1C2-EA3144E94849}.Release|Any CPU.Build.0 = Release|Any CPU
		{98723031-80E7-41AA-AA92-8ABC5CB43645}.Debug|Any CPU.ActiveCfg = Debug|Any CPU
		{98723031-80E7-41AA-AA92-8ABC5CB43645}.Debug|Any CPU.Build.0 = Debug|Any CPU
		{98723031-80E7-41AA-AA92-8ABC5CB43645}.Release|Any CPU.ActiveCfg = Release|Any CPU
		{98723031-80E7-41AA-AA92-8ABC5CB43645}.Release|Any CPU.Build.0 = Release|Any CPU
	EndGlobalSection
	GlobalSection(SolutionProperties) = preSolution
		HideSolutionNode = FALSE
	EndGlobalSection
	GlobalSection(NestedProjects) = preSolution
		{FE257E8D-20EC-418F-8D36-0120ACE399CB} = {A213AA32-B7FE-451C-BB30-67B69526ED83}
		{886D21B0-5997-49B3-80F8-E235E1CF9873} = {A213AA32-B7FE-451C-BB30-67B69526ED83}
		{D4791E5E-E368-43EC-B5CE-F722B17263AA} = {A213AA32-B7FE-451C-BB30-67B69526ED83}
		{4B7B3C2B-26DE-4617-8247-BA56E891E10F} = {A213AA32-B7FE-451C-BB30-67B69526ED83}
		{904D28F9-148E-4BC8-ACC5-52D1E44A33E3} = {FA275063-9127-4A29-810B-E7544D52F381}
		{E60F71A6-09C6-4183-8A7A-9166A29850DF} = {FA275063-9127-4A29-810B-E7544D52F381}
		{D370C2C9-B52C-4279-A0E5-30A2C9D20E2C} = {FA275063-9127-4A29-810B-E7544D52F381}
		{304E0FF0-F8B7-4F98-9239-AC348502C58A} = {FA275063-9127-4A29-810B-E7544D52F381}
		{182FBAA0-8D7C-4E1C-8425-EA2D357FFEED} = {FA275063-9127-4A29-810B-E7544D52F381}
		{A8606220-3C97-40D6-B3F4-63D345004038} = {FA275063-9127-4A29-810B-E7544D52F381}
		{ED9D8020-6A8F-4208-9087-2C86C86FD212} = {DACC5270-9FFE-4DD8-AD25-0125447D3E76}
		{2D358D1C-556F-4AED-81A5-87200D489697} = {DACC5270-9FFE-4DD8-AD25-0125447D3E76}
		{46A6401A-9799-487E-9835-A0DECBD916EA} = {DACC5270-9FFE-4DD8-AD25-0125447D3E76}
		{F22C19CB-A111-4BFD-BBB2-5AB28F5B7F09} = {DACC5270-9FFE-4DD8-AD25-0125447D3E76}
		{BEC74B68-B2D2-4070-BF42-8A435791C062} = {4D33DE9F-0987-4CA1-BF76-53C4E140592E}
		{0E261FF9-E088-4798-8CF1-79B07EC853AE} = {4D33DE9F-0987-4CA1-BF76-53C4E140592E}
		{C66A2B73-58ED-4708-9987-FFCD64C77F0C} = {4D33DE9F-0987-4CA1-BF76-53C4E140592E}
		{C81F7568-E01F-447F-B1C2-EA3144E94849} = {4D33DE9F-0987-4CA1-BF76-53C4E140592E}
		{98723031-80E7-41AA-AA92-8ABC5CB43645} = {4D33DE9F-0987-4CA1-BF76-53C4E140592E}
	EndGlobalSection
	GlobalSection(ExtensibilityGlobals) = postSolution
		SolutionGuid = {30F4927D-EBE6-4A00-934F-C1C0FD0906E3}
	EndGlobalSection
EndGlobal
